
Microsoft Visual Studio Solution File, Format Version 12.00
# Visual Studio 15
VisualStudioVersion = 15.0.28307.1000
MinimumVisualStudioVersion = 10.0.40219.1
Project("{FAE04EC0-301F-11D3-BF4B-00C04F79EFBC}") = "MobileGameTest", "MobileGameTest\MobileGameTest.csproj", "{09282E67-3757-437E-A332-BF026F29B45B}"
EndProject
Global
	GlobalSection(SolutionConfigurationPlatforms) = preSolution
		Debug|Any CPU = Debug|Any CPU
		Release|Any CPU = Release|Any CPU
	EndGlobalSection
	GlobalSection(ProjectConfigurationPlatforms) = postSolution
		{09282E67-3757-437E-A332-BF026F29B45B}.Debug|Any CPU.ActiveCfg = Debug|Any CPU
		{09282E67-3757-437E-A332-BF026F29B45B}.Debug|Any CPU.Build.0 = Debug|Any CPU
		{09282E67-3757-437E-A332-BF026F29B45B}.Debug|Any CPU.Deploy.0 = Debug|Any CPU
		{09282E67-3757-437E-A332-BF026F29B45B}.Release|Any CPU.ActiveCfg = Release|Any CPU
		{09282E67-3757-437E-A332-BF026F29B45B}.Release|Any CPU.Build.0 = Release|Any CPU
		{09282E67-3757-437E-A332-BF026F29B45B}.Release|Any CPU.Deploy.0 = Release|Any CPU
	EndGlobalSection
	GlobalSection(SolutionProperties) = preSolution
		HideSolutionNode = FALSE
	EndGlobalSection
	GlobalSection(ExtensibilityGlobals) = postSolution
		SolutionGuid = {0203442C-6D3F-40AA-A781-C64DADA6EAD9}
	EndGlobalSection
EndGlobal
